github.com/SefaBolukbasii/YavuzlarBackend/Gorev1 v0.0.0-20250216115535-2cb49eaadd93 h1:LLJl3UGwpPS48wOOanFy+t72HLhtsOe3LLEhsIwrAg8=
github.com/SefaBolukbasii/YavuzlarBackend/Gorev1 v0.0.0-20250216115535-2cb49eaadd93/go.mod h1:+uqc8VInfl+hzLYJEac4/s9P8K9Jg8Xhjhm1Lq91Gf4=
github.com/google/uuid v1.6.0 h1:NIvaJDMOsjHA8n1jAhLSgzrAzy1Hgr+hNrb57e+94F0=
github.com/google/uuid v1.6.0/go.mod h1:TIyPZe4MgqvfeYDBFedMoGGpEw/LqOeaOT+nhxU+yHo=
